Microsoft Visual Studio Solution File, Format Version 12.00
# Visual Studio Version 17
VisualStudioVersion = 17.5.2.0
MinimumVisualStudioVersion = 10.0.40219.1
Project("{FAE04EC0-301F-11D3-BF4B-00C04F79EFBC}") = "ChessBoard2.0", "ChessBoard2.0\ChessBoard2.0.csproj", "{73BC1504-734E-53C5-2A44-23A1EEF8E0C0}"
EndProject
Global
	GlobalSection(SolutionConfigurationPlatforms) = preSolution
		Debug|Any CPU = Debug|Any CPU
		Release|Any CPU = Release|Any CPU
	EndGlobalSection
	GlobalSection(ProjectConfigurationPlatforms) = postSolution
		{73BC1504-734E-53C5-2A44-23A1EEF8E0C0}.Debug|Any CPU.ActiveCfg = Debug|Any CPU
		{73BC1504-734E-53C5-2A44-23A1EEF8E0C0}.Debug|Any CPU.Build.0 = Debug|Any CPU
		{73BC1504-734E-53C5-2A44-23A1EEF8E0C0}.Release|Any CPU.ActiveCfg = Release|Any CPU
		{73BC1504-734E-53C5-2A44-23A1EEF8E0C0}.Release|Any CPU.Build.0 = Release|Any CPU
	EndGlobalSection
	GlobalSection(SolutionProperties) = preSolution
		HideSolutionNode = FALSE
	EndGlobalSection
	GlobalSection(ExtensibilityGlobals) = postSolution
		SolutionGuid = {0BD1721A-63FA-4800-B975-05301551D26F}
	EndGlobalSection
EndGlobal
